
Microsoft Visual Studio Solution File, Format Version 12.00
# Visual Studio 15
VisualStudioVersion = 15.0.28010.2050
MinimumVisualStudioVersion = 10.0.40219.1
Project("{9A19103F-16F7-4668-BE54-9A1E7A4F7556}") = "LeetcodeChallenges", "LeecodeChallenges\LeetcodeChallenges.csproj", "{2288164F-CB7B-4881-B99F-C0AEEB82EBE5}"
EndProject
Project("{9A19103F-16F7-4668-BE54-9A1E7A4F7556}") = "LeetcodeChallenges.Test", "..\LeecodeChallenges.Test\LeetcodeChallenges.Test.csproj", "{687806B3-41CA-4CCF-836A-C1BC08106028}"
EndProject
Global
	GlobalSection(SolutionConfigurationPlatforms) = preSolution
		Debug|Any CPU = Debug|Any CPU
		Release|Any CPU = Release|Any CPU
	EndGlobalSection
	GlobalSection(ProjectConfigurationPlatforms) = postSolution
		{2288164F-CB7B-4881-B99F-C0AEEB82EBE5}.Debug|Any CPU.ActiveCfg = Debug|Any CPU
		{2288164F-CB7B-4881-B99F-C0AEEB82EBE5}.Debug|Any CPU.Build.0 = Debug|Any CPU
		{2288164F-CB7B-4881-B99F-C0AEEB82EBE5}.Release|Any CPU.ActiveCfg = Release|Any CPU
		{2288164F-CB7B-4881-B99F-C0AEEB82EBE5}.Release|Any CPU.Build.0 = Release|Any CPU
		{687806B3-41CA-4CCF-836A-C1BC08106028}.Debug|Any CPU.ActiveCfg = Debug|Any CPU
		{687806B3-41CA-4CCF-836A-C1BC08106028}.Debug|Any CPU.Build.0 = Debug|Any CPU
		{687806B3-41CA-4CCF-836A-C1BC08106028}.Release|Any CPU.ActiveCfg = Release|Any CPU
		{687806B3-41CA-4CCF-836A-C1BC08106028}.Release|Any CPU.Build.0 = Release|Any CPU
	EndGlobalSection
	GlobalSection(SolutionProperties) = preSolution
		HideSolutionNode = FALSE
	EndGlobalSection
	GlobalSection(ExtensibilityGlobals) = postSolution
		SolutionGuid = {59EB93FD-E975-4384-B60A-691E3A04166F}
	EndGlobalSection
EndGlobal
